
Microsoft Visual Studio Solution File, Format Version 12.00
# Visual Studio Version 16
VisualStudioVersion = 16.0.29326.143
MinimumVisualStudioVersion = 10.0.40219.1
Project("{FAE04EC0-301F-11D3-BF4B-00C04F79EFBC}") = "ImageMarker", "ImageMarker\ImageMarker.csproj", "{F0C5FA8A-FDC8-4D85-A22B-6F57BDAA9103}"
EndProject
Global
	GlobalSection(SolutionConfigurationPlatforms) = preSolution
		Debug|Any CPU = Debug|Any CPU
		Release|Any CPU = Release|Any CPU
	EndGlobalSection
	GlobalSection(ProjectConfigurationPlatforms) = postSolution
		{F0C5FA8A-FDC8-4D85-A22B-6F57BDAA9103}.Debug|Any CPU.ActiveCfg = Debug|Any CPU
		{F0C5FA8A-FDC8-4D85-A22B-6F57BDAA9103}.Debug|Any CPU.Build.0 = Debug|Any CPU
		{F0C5FA8A-FDC8-4D85-A22B-6F57BDAA9103}.Release|Any CPU.ActiveCfg = Release|Any CPU
		{F0C5FA8A-FDC8-4D85-A22B-6F57BDAA9103}.Release|Any CPU.Build.0 = Release|Any CPU
	EndGlobalSection
	GlobalSection(SolutionProperties) = preSolution
		HideSolutionNode = FALSE
	EndGlobalSection
	GlobalSection(ExtensibilityGlobals) = postSolution
		SolutionGuid = {BEFDBC5C-89E5-4A51-AE3F-528421945A74}
	EndGlobalSection
EndGlobal
